
Microsoft Visual Studio Solution File, Format Version 12.00
# Visual Studio Version 16
VisualStudioVersion = 16.0.29306.81
MinimumVisualStudioVersion = 10.0.40219.1
Project("{FAE04EC0-301F-11D3-BF4B-00C04F79EFBC}") = "Game_car", "Game_car\Game_car.csproj", "{B329D8F2-5EE3-411C-B750-26ED57F4CD5B}"
EndProject
Project("{FAE04EC0-301F-11D3-BF4B-00C04F79EFBC}") = "Game_Car_Lib", "Game_Car_Lib\Game_Car_Lib.csproj", "{1FE0EAA0-A867-411B-A5B8-DF9BD5E11F25}"
EndProject
Global
	GlobalSection(SolutionConfigurationPlatforms) = preSolution
		Debug|Any CPU = Debug|Any CPU
		Debug|ARM = Debug|ARM
		Debug|ARM64 = Debug|ARM64
		Debug|x64 = Debug|x64
		Debug|x86 = Debug|x86
		Release|Any CPU = Release|Any CPU
		Release|ARM = Release|ARM
		Release|ARM64 = Release|ARM64
		Release|x64 = Release|x64
		Release|x86 = Release|x86
	EndGlobalSection
	GlobalSection(ProjectConfigurationPlatforms) = postSolution
		{B329D8F2-5EE3-411C-B750-26ED57F4CD5B}.Debug|Any CPU.ActiveCfg = Debug|Any CPU
		{B329D8F2-5EE3-411C-B750-26ED57F4CD5B}.Debug|Any CPU.Build.0 = Debug|Any CPU
		{B329D8F2-5EE3-411C-B750-26ED57F4CD5B}.Debug|ARM.ActiveCfg = Debug|Any CPU
		{B329D8F2-5EE3-411C-B750-26ED57F4CD5B}.Debug|ARM.Build.0 = Debug|Any CPU
		{B329D8F2-5EE3-411C-B750-26ED57F4CD5B}.Debug|ARM64.ActiveCfg = Debug|Any CPU
		{B329D8F2-5EE3-411C-B750-26ED57F4CD5B}.Debug|ARM64.Build.0 = Debug|Any CPU
		{B329D8F2-5EE3-411C-B750-26ED57F4CD5B}.Debug|x64.ActiveCfg = Debug|Any CPU
		{B329D8F2-5EE3-411C-B750-26ED57F4CD5B}.Debug|x64.Build.0 = Debug|Any CPU
		{B329D8F2-5EE3-411C-B750-26ED57F4CD5B}.Debug|x86.ActiveCfg = Debug|Any CPU
		{B329D8F2-5EE3-411C-B750-26ED57F4CD5B}.Debug|x86.Build.0 = Debug|Any CPU
		{B329D8F2-5EE3-411C-B750-26ED57F4CD5B}.Release|Any CPU.ActiveCfg = Release|Any CPU
		{B329D8F2-5EE3-411C-B750-26ED57F4CD5B}.Release|Any CPU.Build.0 = Release|Any CPU
		{B329D8F2-5EE3-411C-B750-26ED57F4CD5B}.Release|ARM.ActiveCfg = Release|Any CPU
		{B329D8F2-5EE3-411C-B750-26ED57F4CD5B}.Release|ARM.Build.0 = Release|Any CPU
		{B329D8F2-5EE3-411C-B750-26ED57F4CD5B}.Release|ARM64.ActiveCfg = Release|Any CPU
		{B329D8F2-5EE3-411C-B750-26ED57F4CD5B}.Release|ARM64.Build.0 = Release|Any CPU
		{B329D8F2-5EE3-411C-B750-26ED57F4CD5B}.Release|x64.ActiveCfg = Release|Any CPU
		{B329D8F2-5EE3-411C-B750-26ED57F4CD5B}.Release|x64.Build.0 = Release|Any CPU
		{B329D8F2-5EE3-411C-B750-26ED57F4CD5B}.Release|x86.ActiveCfg = Release|Any CPU
		{B329D8F2-5EE3-411C-B750-26ED57F4CD5B}.Release|x86.Build.0 = Release|Any CPU
		{1FE0EAA0-A867-411B-A5B8-DF9BD5E11F25}.Debug|Any CPU.ActiveCfg = Debug|Any CPU
		{1FE0EAA0-A867-411B-A5B8-DF9BD5E11F25}.Debug|Any CPU.Build.0 = Debug|Any CPU
		{1FE0EAA0-A867-411B-A5B8-DF9BD5E11F25}.Debug|ARM.ActiveCfg = Debug|ARM
		{1FE0EAA0-A867-411B-A5B8-DF9BD5E11F25}.Debug|ARM.Build.0 = Debug|ARM
		{1FE0EAA0-A867-411B-A5B8-DF9BD5E11F25}.Debug|ARM64.ActiveCfg = Debug|ARM64
		{1FE0EAA0-A867-411B-A5B8-DF9BD5E11F25}.Debug|ARM64.Build.0 = Debug|ARM64
		{1FE0EAA0-A867-411B-A5B8-DF9BD5E11F25}.Debug|x64.ActiveCfg = Debug|x64
		{1FE0EAA0-A867-411B-A5B8-DF9BD5E11F25}.Debug|x64.Build.0 = Debug|x64
		{1FE0EAA0-A867-411B-A5B8-DF9BD5E11F25}.Debug|x86.ActiveCfg = Debug|x86
		{1FE0EAA0-A867-411B-A5B8-DF9BD5E11F25}.Debug|x86.Build.0 = Debug|x86
		{1FE0EAA0-A867-411B-A5B8-DF9BD5E11F25}.Release|Any CPU.ActiveCfg = Release|Any CPU
		{1FE0EAA0-A867-411B-A5B8-DF9BD5E11F25}.Release|Any CPU.Build.0 = Release|Any CPU
		{1FE0EAA0-A867-411B-A5B8-DF9BD5E11F25}.Release|ARM.ActiveCfg = Release|ARM
		{1FE0EAA0-A867-411B-A5B8-DF9BD5E11F25}.Release|ARM.Build.0 = Release|ARM
		{1FE0EAA0-A867-411B-A5B8-DF9BD5E11F25}.Release|ARM64.ActiveCfg = Release|ARM64
		{1FE0EAA0-A867-411B-A5B8-DF9BD5E11F25}.Release|ARM64.Build.0 = Release|ARM64
		{1FE0EAA0-A867-411B-A5B8-DF9BD5E11F25}.Release|x64.ActiveCfg = Release|x64
		{1FE0EAA0-A867-411B-A5B8-DF9BD5E11F25}.Release|x64.Build.0 = Release|x64
		{1FE0EAA0-A867-411B-A5B8-DF9BD5E11F25}.Release|x86.ActiveCfg = Release|x86
		{1FE0EAA0-A867-411B-A5B8-DF9BD5E11F25}.Release|x86.Build.0 = Release|x86
	EndGlobalSection
	GlobalSection(SolutionProperties) = preSolution
		HideSolutionNode = FALSE
	EndGlobalSection
	GlobalSection(ExtensibilityGlobals) = postSolution
		SolutionGuid = {76BD4741-B80E-40E9-A506-F7349BC1DC5B}
	EndGlobalSection
EndGlobal
